
Microsoft Visual Studio Solution File, Format Version 12.00
# Visual Studio Express 15 for Windows Desktop
VisualStudioVersion = 15.0.33801.198
MinimumVisualStudioVersion = 10.0.40219.1
Project("{FAE04EC0-301F-11D3-BF4B-00C04F79EFBC}") = "ArrayListNeu", "ArrayListNeu\ArrayListNeu.csproj", "{A36CE8DB-4CDE-4C45-866E-5ACFCB7ADCB5}"
EndProject
Global
	GlobalSection(SolutionConfigurationPlatforms) = preSolution
		Debug|Any CPU = Debug|Any CPU
		Release|Any CPU = Release|Any CPU
	EndGlobalSection
	GlobalSection(ProjectConfigurationPlatforms) = postSolution
		{A36CE8DB-4CDE-4C45-866E-5ACFCB7ADCB5}.Debug|Any CPU.ActiveCfg = Debug|Any CPU
		{A36CE8DB-4CDE-4C45-866E-5ACFCB7ADCB5}.Debug|Any CPU.Build.0 = Debug|Any CPU
		{A36CE8DB-4CDE-4C45-866E-5ACFCB7ADCB5}.Release|Any CPU.ActiveCfg = Release|Any CPU
		{A36CE8DB-4CDE-4C45-866E-5ACFCB7ADCB5}.Release|Any CPU.Build.0 = Release|Any CPU
	EndGlobalSection
	GlobalSection(SolutionProperties) = preSolution
		HideSolutionNode = FALSE
	EndGlobalSection
	GlobalSection(ExtensibilityGlobals) = postSolution
		SolutionGuid = {86D7EC14-8F63-4A09-850C-05132CA28924}
	EndGlobalSection
EndGlobal
